
Microsoft Visual Studio Solution File, Format Version 12.00
# Visual Studio 15
VisualStudioVersion = 15.0.28307.271
MinimumVisualStudioVersion = 10.0.40219.1
Project("{FAE04EC0-301F-11D3-BF4B-00C04F79EFBC}") = "EventArgs0", "ConsoleApp1\EventArgs0.csproj", "{1ED0DDBD-FBAC-43BA-A707-080C59AB59CD}"
EndProject
Project("{FAE04EC0-301F-11D3-BF4B-00C04F79EFBC}") = "StackTest", "StackTest\StackTest.csproj", "{AE8CAA3E-6DB3-4239-BBF4-24A4ADCA66FD}"
EndProject
Project("{FAE04EC0-301F-11D3-BF4B-00C04F79EFBC}") = "StackQueuePerform", "..\StackQueue\StackQueue\StackQueuePerform.csproj", "{689AECD7-97C9-4C0E-93D3-64867172717E}"
EndProject
Project("{FAE04EC0-301F-11D3-BF4B-00C04F79EFBC}") = "BufferClearTest", "..\BufferClearTest\BufferClearTest\BufferClearTest.csproj", "{E22193D3-6815-4451-8FD7-B8ADA4DFF300}"
EndProject
Project("{FAE04EC0-301F-11D3-BF4B-00C04F79EFBC}") = "Int16short", "..\Int16short\Int16short\Int16short.csproj", "{4C7EF303-AEA8-40AA-9366-607413350E16}"
EndProject
Project("{FAE04EC0-301F-11D3-BF4B-00C04F79EFBC}") = "EventArgs1", "..\EventArgs1\EventArgs1\EventArgs1.csproj", "{3B2DB626-F0E2-48F5-8912-0D416B72CCC8}"
EndProject
Project("{FAE04EC0-301F-11D3-BF4B-00C04F79EFBC}") = "EventArgs2", "..\EventArgs2\EventArgs2\EventArgs2.csproj", "{5FAC462E-2C3D-4EA1-852C-478904E5C2CA}"
EndProject
Project("{FAE04EC0-301F-11D3-BF4B-00C04F79EFBC}") = "EventArgs3_Callback", "..\EventArgs3_Callback\EventArgs3_Callback\EventArgs3_Callback.csproj", "{49E45902-4DB7-460A-B40A-F60FA23F554C}"
EndProject
Project("{FAE04EC0-301F-11D3-BF4B-00C04F79EFBC}") = "EventArgs3", "..\EventArgs3\EventArgs3\EventArgs3.csproj", "{D17DEE6F-12BF-43D3-8CE6-2EB68E7E935A}"
EndProject
Project("{FAE04EC0-301F-11D3-BF4B-00C04F79EFBC}") = "EventArgs4", "..\EventArgs4\EventArgs4\EventArgs4.csproj", "{CBF97E71-0C20-44E0-8489-20D04B40C784}"
EndProject
Project("{FAE04EC0-301F-11D3-BF4B-00C04F79EFBC}") = "EventArgs5", "..\EventArgs5\EventArgs5\EventArgs5.csproj", "{0F4FDC12-5F55-4F7F-9693-15B49B3EC72E}"
EndProject
Project("{FAE04EC0-301F-11D3-BF4B-00C04F79EFBC}") = "EventArgs6", "..\EventArgs6\EventArgs6\EventArgs6.csproj", "{E8C5EB1B-7023-4974-AF87-802D41B51CE3}"
EndProject
Project("{FAE04EC0-301F-11D3-BF4B-00C04F79EFBC}") = "RingBuffer", "..\CircleQueue\CircleQueue\RingBuffer.csproj", "{2062FF02-305D-475B-9B8C-30EEE613CA46}"
EndProject
Project("{FAE04EC0-301F-11D3-BF4B-00C04F79EFBC}") = "EventArgs7_Callback", "..\EventArgs7_Callback\EventArgs7_Callback\EventArgs7_Callback.csproj", "{10D777A4-50B9-4CD2-9ADF-51C8F2949AFE}"
EndProject
Project("{FAE04EC0-301F-11D3-BF4B-00C04F79EFBC}") = "LargeMemory", "..\LargeMemory\LargeMemory\LargeMemory.csproj", "{F7816CAD-3749-4094-8AFA-A0C70A348445}"
EndProject
Project("{FAE04EC0-301F-11D3-BF4B-00C04F79EFBC}") = "100_AsyncRun", "..\100_AsyncRun\100_AsyncRun\100_AsyncRun.csproj", "{AE6F17E6-E274-4AAF-880F-C743F80A8E3B}"
EndProject
Project("{FAE04EC0-301F-11D3-BF4B-00C04F79EFBC}") = "101_ForeachDelegate", "..\101_ForeachDelegate\101_ForeachDelegate\101_ForeachDelegate.csproj", "{A778A88B-942A-4943-AD74-AF6E2CDFE52D}"
EndProject
Project("{FAE04EC0-301F-11D3-BF4B-00C04F79EFBC}") = "MultiThread", "..\MultiThread\MultiThread\MultiThread.csproj", "{B5608249-F69F-412C-B676-C072D07FEA82}"
EndProject
Project("{FAE04EC0-301F-11D3-BF4B-00C04F79EFBC}") = "MultiThreadQueue", "..\MultiThreadQueue\MultiThreadQueue\MultiThreadQueue.csproj", "{A570A02E-6EE1-4258-AF31-5A3D7C949F03}"
EndProject
Project("{FAE04EC0-301F-11D3-BF4B-00C04F79EFBC}") = "MultiThreadQueue2_Problem", "..\MultiThreadQueue2\MultiThreadQueue2\MultiThreadQueue2_Problem.csproj", "{FC45551D-20DD-43AB-B1E0-432EAFD88508}"
EndProject
Project("{FAE04EC0-301F-11D3-BF4B-00C04F79EFBC}") = "MultiThreadQueue3_Resolution", "..\MultiThreadQueue3\MultiThreadQueue3\MultiThreadQueue3_Resolution.csproj", "{45D5E2B8-ECED-410C-9B81-219186D13A4C}"
EndProject
Project("{FAE04EC0-301F-11D3-BF4B-00C04F79EFBC}") = "StaticTest", "..\StaticTest\StaticTest\StaticTest.csproj", "{DF2A83DD-E49B-4648-ADAE-1B3998E07679}"
EndProject
Project("{FAE04EC0-301F-11D3-BF4B-00C04F79EFBC}") = "100_async_await2", "100_async_await2\100_async_await2.csproj", "{3582C4B1-14C2-41F9-881F-79776D167096}"
EndProject
Project("{FAE04EC0-301F-11D3-BF4B-00C04F79EFBC}") = "100_async_await3", "..\100_async_await3\100_async_await3\100_async_await3.csproj", "{C555BE9B-6938-4252-8D98-EEC7FBD6213C}"
EndProject
Project("{FAE04EC0-301F-11D3-BF4B-00C04F79EFBC}") = "UpbitAPI", "..\UpbitAPI\UpbitAPI\UpbitAPI.csproj", "{E711555C-0320-4B95-AB2E-ED5540F4987D}"
EndProject
Project("{FAE04EC0-301F-11D3-BF4B-00C04F79EFBC}") = "WindowsFormsApp2", "..\WindowsFormsApp2\WindowsFormsApp2\WindowsFormsApp2.csproj", "{0CC91EB7-A626-48C9-AE17-F68A18768B00}"
EndProject
Project("{FAE04EC0-301F-11D3-BF4B-00C04F79EFBC}") = "WindowsFormsApp1", "..\WindowsFormsApp1\WindowsFormsApp1\WindowsFormsApp1.csproj", "{A5CF9AA6-3F27-450E-84F3-51C96EFFD963}"
EndProject
Project("{FAE04EC0-301F-11D3-BF4B-00C04F79EFBC}") = "102_BitConverter", "102_BitConverter\102_BitConverter.csproj", "{443B6316-B99E-4EC7-B6DD-A2B5DF4D3D6E}"
EndProject
Project("{FAE04EC0-301F-11D3-BF4B-00C04F79EFBC}") = "103_ByteToDataSpeedTest", "ByteToDataSpeedTest\103_ByteToDataSpeedTest.csproj", "{F609D9F4-C3AF-47BD-AEEE-F72A794AB1A3}"
EndProject
Project("{FAE04EC0-301F-11D3-BF4B-00C04F79EFBC}") = "104_ArrayCopyTest", "104_ArrayCopyTest\104_ArrayCopyTest.csproj", "{74604C68-70F6-46FD-BFF3-DE151BC66AD2}"
EndProject
Project("{FAE04EC0-301F-11D3-BF4B-00C04F79EFBC}") = "105_FloatToByteTest", "105_FloatToByteTest\105_FloatToByteTest.csproj", "{42BA04C9-701A-4079-B932-1FA56E3D8764}"
EndProject
Project("{FAE04EC0-301F-11D3-BF4B-00C04F79EFBC}") = "106_ListAddRemoveTest", "106_ListAddRemoveTest\106_ListAddRemoveTest.csproj", "{575CC3E6-BA0C-40B8-8979-EA85385D6F51}"
EndProject
Global
	GlobalSection(SolutionConfigurationPlatforms) = preSolution
		Debug|Any CPU = Debug|Any CPU
		Release|Any CPU = Release|Any CPU
	EndGlobalSection
	GlobalSection(ProjectConfigurationPlatforms) = postSolution
		{1ED0DDBD-FBAC-43BA-A707-080C59AB59CD}.Debug|Any CPU.ActiveCfg = Debug|Any CPU
		{1ED0DDBD-FBAC-43BA-A707-080C59AB59CD}.Debug|Any CPU.Build.0 = Debug|Any CPU
		{1ED0DDBD-FBAC-43BA-A707-080C59AB59CD}.Release|Any CPU.ActiveCfg = Release|Any CPU
		{1ED0DDBD-FBAC-43BA-A707-080C59AB59CD}.Release|Any CPU.Build.0 = Release|Any CPU
		{AE8CAA3E-6DB3-4239-BBF4-24A4ADCA66FD}.Debug|Any CPU.ActiveCfg = Debug|Any CPU
		{AE8CAA3E-6DB3-4239-BBF4-24A4ADCA66FD}.Debug|Any CPU.Build.0 = Debug|Any CPU
		{AE8CAA3E-6DB3-4239-BBF4-24A4ADCA66FD}.Release|Any CPU.ActiveCfg = Release|Any CPU
		{AE8CAA3E-6DB3-4239-BBF4-24A4ADCA66FD}.Release|Any CPU.Build.0 = Release|Any CPU
		{689AECD7-97C9-4C0E-93D3-64867172717E}.Debug|Any CPU.ActiveCfg = Debug|Any CPU
		{689AECD7-97C9-4C0E-93D3-64867172717E}.Debug|Any CPU.Build.0 = Debug|Any CPU
		{689AECD7-97C9-4C0E-93D3-64867172717E}.Release|Any CPU.ActiveCfg = Release|Any CPU
		{689AECD7-97C9-4C0E-93D3-64867172717E}.Release|Any CPU.Build.0 = Release|Any CPU
		{E22193D3-6815-4451-8FD7-B8ADA4DFF300}.Debug|Any CPU.ActiveCfg = Debug|Any CPU
		{E22193D3-6815-4451-8FD7-B8ADA4DFF300}.Debug|Any CPU.Build.0 = Debug|Any CPU
		{E22193D3-6815-4451-8FD7-B8ADA4DFF300}.Release|Any CPU.ActiveCfg = Release|Any CPU
		{E22193D3-6815-4451-8FD7-B8ADA4DFF300}.Release|Any CPU.Build.0 = Release|Any CPU
		{4C7EF303-AEA8-40AA-9366-607413350E16}.Debug|Any CPU.ActiveCfg = Debug|Any CPU
		{4C7EF303-AEA8-40AA-9366-607413350E16}.Debug|Any CPU.Build.0 = Debug|Any CPU
		{4C7EF303-AEA8-40AA-9366-607413350E16}.Release|Any CPU.ActiveCfg = Release|Any CPU
		{4C7EF303-AEA8-40AA-9366-607413350E16}.Release|Any CPU.Build.0 = Release|Any CPU
		{3B2DB626-F0E2-48F5-8912-0D416B72CCC8}.Debug|Any CPU.ActiveCfg = Debug|Any CPU
		{3B2DB626-F0E2-48F5-8912-0D416B72CCC8}.Debug|Any CPU.Build.0 = Debug|Any CPU
		{3B2DB626-F0E2-48F5-8912-0D416B72CCC8}.Release|Any CPU.ActiveCfg = Release|Any CPU
		{3B2DB626-F0E2-48F5-8912-0D416B72CCC8}.Release|Any CPU.Build.0 = Release|Any CPU
		{5FAC462E-2C3D-4EA1-852C-478904E5C2CA}.Debug|Any CPU.ActiveCfg = Debug|Any CPU
		{5FAC462E-2C3D-4EA1-852C-478904E5C2CA}.Debug|Any CPU.Build.0 = Debug|Any CPU
		{5FAC462E-2C3D-4EA1-852C-478904E5C2CA}.Release|Any CPU.ActiveCfg = Release|Any CPU
		{5FAC462E-2C3D-4EA1-852C-478904E5C2CA}.Release|Any CPU.Build.0 = Release|Any CPU
		{49E45902-4DB7-460A-B40A-F60FA23F554C}.Debug|Any CPU.ActiveCfg = Debug|Any CPU
		{49E45902-4DB7-460A-B40A-F60FA23F554C}.Debug|Any CPU.Build.0 = Debug|Any CPU
		{49E45902-4DB7-460A-B40A-F60FA23F554C}.Release|Any CPU.ActiveCfg = Release|Any CPU
		{49E45902-4DB7-460A-B40A-F60FA23F554C}.Release|Any CPU.Build.0 = Release|Any CPU
		{D17DEE6F-12BF-43D3-8CE6-2EB68E7E935A}.Debug|Any CPU.ActiveCfg = Debug|Any CPU
		{D17DEE6F-12BF-43D3-8CE6-2EB68E7E935A}.Debug|Any CPU.Build.0 = Debug|Any CPU
		{D17DEE6F-12BF-43D3-8CE6-2EB68E7E935A}.Release|Any CPU.ActiveCfg = Release|Any CPU
		{D17DEE6F-12BF-43D3-8CE6-2EB68E7E935A}.Release|Any CPU.Build.0 = Release|Any CPU
		{CBF97E71-0C20-44E0-8489-20D04B40C784}.Debug|Any CPU.ActiveCfg = Debug|Any CPU
		{CBF97E71-0C20-44E0-8489-20D04B40C784}.Debug|Any CPU.Build.0 = Debug|Any CPU
		{CBF97E71-0C20-44E0-8489-20D04B40C784}.Release|Any CPU.ActiveCfg = Release|Any CPU
		{CBF97E71-0C20-44E0-8489-20D04B40C784}.Release|Any CPU.Build.0 = Release|Any CPU
		{0F4FDC12-5F55-4F7F-9693-15B49B3EC72E}.Debug|Any CPU.ActiveCfg = Debug|Any CPU
		{0F4FDC12-5F55-4F7F-9693-15B49B3EC72E}.Debug|Any CPU.Build.0 = Debug|Any CPU
		{0F4FDC12-5F55-4F7F-9693-15B49B3EC72E}.Release|Any CPU.ActiveCfg = Release|Any CPU
		{0F4FDC12-5F55-4F7F-9693-15B49B3EC72E}.Release|Any CPU.Build.0 = Release|Any CPU
		{E8C5EB1B-7023-4974-AF87-802D41B51CE3}.Debug|Any CPU.ActiveCfg = Debug|Any CPU
		{E8C5EB1B-7023-4974-AF87-802D41B51CE3}.Debug|Any CPU.Build.0 = Debug|Any CPU
		{E8C5EB1B-7023-4974-AF87-802D41B51CE3}.Release|Any CPU.ActiveCfg = Release|Any CPU
		{E8C5EB1B-7023-4974-AF87-802D41B51CE3}.Release|Any CPU.Build.0 = Release|Any CPU
		{2062FF02-305D-475B-9B8C-30EEE613CA46}.Debug|Any CPU.ActiveCfg = Debug|Any CPU
		{2062FF02-305D-475B-9B8C-30EEE613CA46}.Debug|Any CPU.Build.0 = Debug|Any CPU
		{2062FF02-305D-475B-9B8C-30EEE613CA46}.Release|Any CPU.ActiveCfg = Release|Any CPU
		{2062FF02-305D-475B-9B8C-30EEE613CA46}.Release|Any CPU.Build.0 = Release|Any CPU
		{10D777A4-50B9-4CD2-9ADF-51C8F2949AFE}.Debug|Any CPU.ActiveCfg = Debug|Any CPU
		{10D777A4-50B9-4CD2-9ADF-51C8F2949AFE}.Debug|Any CPU.Build.0 = Debug|Any CPU
		{10D777A4-50B9-4CD2-9ADF-51C8F2949AFE}.Release|Any CPU.ActiveCfg = Release|Any CPU
		{10D777A4-50B9-4CD2-9ADF-51C8F2949AFE}.Release|Any CPU.Build.0 = Release|Any CPU
		{F7816CAD-3749-4094-8AFA-A0C70A348445}.Debug|Any CPU.ActiveCfg = Debug|Any CPU
		{F7816CAD-3749-4094-8AFA-A0C70A348445}.Debug|Any CPU.Build.0 = Debug|Any CPU
		{F7816CAD-3749-4094-8AFA-A0C70A348445}.Release|Any CPU.ActiveCfg = Release|Any CPU
		{F7816CAD-3749-4094-8AFA-A0C70A348445}.Release|Any CPU.Build.0 = Release|Any CPU
		{AE6F17E6-E274-4AAF-880F-C743F80A8E3B}.Debug|Any CPU.ActiveCfg = Debug|Any CPU
		{AE6F17E6-E274-4AAF-880F-C743F80A8E3B}.Debug|Any CPU.Build.0 = Debug|Any CPU
		{AE6F17E6-E274-4AAF-880F-C743F80A8E3B}.Release|Any CPU.ActiveCfg = Release|Any CPU
		{AE6F17E6-E274-4AAF-880F-C743F80A8E3B}.Release|Any CPU.Build.0 = Release|Any CPU
		{A778A88B-942A-4943-AD74-AF6E2CDFE52D}.Debug|Any CPU.ActiveCfg = Debug|Any CPU
		{A778A88B-942A-4943-AD74-AF6E2CDFE52D}.Debug|Any CPU.Build.0 = Debug|Any CPU
		{A778A88B-942A-4943-AD74-AF6E2CDFE52D}.Release|Any CPU.ActiveCfg = Release|Any CPU
		{A778A88B-942A-4943-AD74-AF6E2CDFE52D}.Release|Any CPU.Build.0 = Release|Any CPU
		{B5608249-F69F-412C-B676-C072D07FEA82}.Debug|Any CPU.ActiveCfg = Debug|Any CPU
		{B5608249-F69F-412C-B676-C072D07FEA82}.Debug|Any CPU.Build.0 = Debug|Any CPU
		{B5608249-F69F-412C-B676-C072D07FEA82}.Release|Any CPU.ActiveCfg = Release|Any CPU
		{B5608249-F69F-412C-B676-C072D07FEA82}.Release|Any CPU.Build.0 = Release|Any CPU
		{A570A02E-6EE1-4258-AF31-5A3D7C949F03}.Debug|Any CPU.ActiveCfg = Debug|Any CPU
		{A570A02E-6EE1-4258-AF31-5A3D7C949F03}.Debug|Any CPU.Build.0 = Debug|Any CPU
		{A570A02E-6EE1-4258-AF31-5A3D7C949F03}.Release|Any CPU.ActiveCfg = Release|Any CPU
		{A570A02E-6EE1-4258-AF31-5A3D7C949F03}.Release|Any CPU.Build.0 = Release|Any CPU
		{FC45551D-20DD-43AB-B1E0-432EAFD88508}.Debug|Any CPU.ActiveCfg = Debug|Any CPU
		{FC45551D-20DD-43AB-B1E0-432EAFD88508}.Debug|Any CPU.Build.0 = Debug|Any CPU
		{FC45551D-20DD-43AB-B1E0-432EAFD88508}.Release|Any CPU.ActiveCfg = Release|Any CPU
		{FC45551D-20DD-43AB-B1E0-432EAFD88508}.Release|Any CPU.Build.0 = Release|Any CPU
		{45D5E2B8-ECED-410C-9B81-219186D13A4C}.Debug|Any CPU.ActiveCfg = Debug|Any CPU
		{45D5E2B8-ECED-410C-9B81-219186D13A4C}.Debug|Any CPU.Build.0 = Debug|Any CPU
		{45D5E2B8-ECED-410C-9B81-219186D13A4C}.Release|Any CPU.ActiveCfg = Release|Any CPU
		{45D5E2B8-ECED-410C-9B81-219186D13A4C}.Release|Any CPU.Build.0 = Release|Any CPU
		{DF2A83DD-E49B-4648-ADAE-1B3998E07679}.Debug|Any CPU.ActiveCfg = Debug|Any CPU
		{DF2A83DD-E49B-4648-ADAE-1B3998E07679}.Debug|Any CPU.Build.0 = Debug|Any CPU
		{DF2A83DD-E49B-4648-ADAE-1B3998E07679}.Release|Any CPU.ActiveCfg = Release|Any CPU
		{DF2A83DD-E49B-4648-ADAE-1B3998E07679}.Release|Any CPU.Build.0 = Release|Any CPU
		{3582C4B1-14C2-41F9-881F-79776D167096}.Debug|Any CPU.ActiveCfg = Debug|Any CPU
		{3582C4B1-14C2-41F9-881F-79776D167096}.Debug|Any CPU.Build.0 = Debug|Any CPU
		{3582C4B1-14C2-41F9-881F-79776D167096}.Release|Any CPU.ActiveCfg = Release|Any CPU
		{3582C4B1-14C2-41F9-881F-79776D167096}.Release|Any CPU.Build.0 = Release|Any CPU
		{C555BE9B-6938-4252-8D98-EEC7FBD6213C}.Debug|Any CPU.ActiveCfg = Debug|Any CPU
		{C555BE9B-6938-4252-8D98-EEC7FBD6213C}.Debug|Any CPU.Build.0 = Debug|Any CPU
		{C555BE9B-6938-4252-8D98-EEC7FBD6213C}.Release|Any CPU.ActiveCfg = Release|Any CPU
		{C555BE9B-6938-4252-8D98-EEC7FBD6213C}.Release|Any CPU.Build.0 = Release|Any CPU
		{E711555C-0320-4B95-AB2E-ED5540F4987D}.Debug|Any CPU.ActiveCfg = Debug|Any CPU
		{E711555C-0320-4B95-AB2E-ED5540F4987D}.Debug|Any CPU.Build.0 = Debug|Any CPU
		{E711555C-0320-4B95-AB2E-ED5540F4987D}.Release|Any CPU.ActiveCfg = Release|Any CPU
		{E711555C-0320-4B95-AB2E-ED5540F4987D}.Release|Any CPU.Build.0 = Release|Any CPU
		{0CC91EB7-A626-48C9-AE17-F68A18768B00}.Debug|Any CPU.ActiveCfg = Debug|Any CPU
		{0CC91EB7-A626-48C9-AE17-F68A18768B00}.Debug|Any CPU.Build.0 = Debug|Any CPU
		{0CC91EB7-A626-48C9-AE17-F68A18768B00}.Release|Any CPU.ActiveCfg = Release|Any CPU
		{0CC91EB7-A626-48C9-AE17-F68A18768B00}.Release|Any CPU.Build.0 = Release|Any CPU
		{A5CF9AA6-3F27-450E-84F3-51C96EFFD963}.Debug|Any CPU.ActiveCfg = Debug|Any CPU
		{A5CF9AA6-3F27-450E-84F3-51C96EFFD963}.Debug|Any CPU.Build.0 = Debug|Any CPU
		{A5CF9AA6-3F27-450E-84F3-51C96EFFD963}.Release|Any CPU.ActiveCfg = Release|Any CPU
		{A5CF9AA6-3F27-450E-84F3-51C96EFFD963}.Release|Any CPU.Build.0 = Release|Any CPU
		{443B6316-B99E-4EC7-B6DD-A2B5DF4D3D6E}.Debug|Any CPU.ActiveCfg = Debug|Any CPU
		{443B6316-B99E-4EC7-B6DD-A2B5DF4D3D6E}.Debug|Any CPU.Build.0 = Debug|Any CPU
		{443B6316-B99E-4EC7-B6DD-A2B5DF4D3D6E}.Release|Any CPU.ActiveCfg = Release|Any CPU
		{443B6316-B99E-4EC7-B6DD-A2B5DF4D3D6E}.Release|Any CPU.Build.0 = Release|Any CPU
		{F609D9F4-C3AF-47BD-AEEE-F72A794AB1A3}.Debug|Any CPU.ActiveCfg = Debug|Any CPU
		{F609D9F4-C3AF-47BD-AEEE-F72A794AB1A3}.Debug|Any CPU.Build.0 = Debug|Any CPU
		{F609D9F4-C3AF-47BD-AEEE-F72A794AB1A3}.Release|Any CPU.ActiveCfg = Release|Any CPU
		{F609D9F4-C3AF-47BD-AEEE-F72A794AB1A3}.Release|Any CPU.Build.0 = Release|Any CPU
		{74604C68-70F6-46FD-BFF3-DE151BC66AD2}.Debug|Any CPU.ActiveCfg = Debug|Any CPU
		{74604C68-70F6-46FD-BFF3-DE151BC66AD2}.Debug|Any CPU.Build.0 = Debug|Any CPU
		{74604C68-70F6-46FD-BFF3-DE151BC66AD2}.Release|Any CPU.ActiveCfg = Release|Any CPU
		{74604C68-70F6-46FD-BFF3-DE151BC66AD2}.Release|Any CPU.Build.0 = Release|Any CPU
		{42BA04C9-701A-4079-B932-1FA56E3D8764}.Debug|Any CPU.ActiveCfg = Debug|Any CPU
		{42BA04C9-701A-4079-B932-1FA56E3D8764}.Debug|Any CPU.Build.0 = Debug|Any CPU
		{42BA04C9-701A-4079-B932-1FA56E3D8764}.Release|Any CPU.ActiveCfg = Release|Any CPU
		{42BA04C9-701A-4079-B932-1FA56E3D8764}.Release|Any CPU.Build.0 = Release|Any CPU
		{575CC3E6-BA0C-40B8-8979-EA85385D6F51}.Debug|Any CPU.ActiveCfg = Debug|Any CPU
		{575CC3E6-BA0C-40B8-8979-EA85385D6F51}.Debug|Any CPU.Build.0 = Debug|Any CPU
		{575CC3E6-BA0C-40B8-8979-EA85385D6F51}.Release|Any CPU.ActiveCfg = Release|Any CPU
		{575CC3E6-BA0C-40B8-8979-EA85385D6F51}.Release|Any CPU.Build.0 = Release|Any CPU
	EndGlobalSection
	GlobalSection(SolutionProperties) = preSolution
		HideSolutionNode = FALSE
	EndGlobalSection
	GlobalSection(ExtensibilityGlobals) = postSolution
		SolutionGuid = {5BD4BEE6-46BB-498C-B837-6101B998593D}
	EndGlobalSection
EndGlobal
