
Microsoft Visual Studio Solution File, Format Version 12.00
# Visual Studio 15
VisualStudioVersion = 15.0.28307.271
MinimumVisualStudioVersion = 10.0.40219.1
Project("{FAE04EC0-301F-11D3-BF4B-00C04F79EFBC}") = "EventArgs0", "ConsoleApp1\EventArgs0.csproj", "{1ED0DDBD-FBAC-43BA-A707-080C59AB59CD}"
EndProject
Project("{FAE04EC0-301F-11D3-BF4B-00C04F79EFBC}") = "StackTest", "StackTest\StackTest.csproj", "{AE8CAA3E-6DB3-4239-BBF4-24A4ADCA66FD}"
EndProject
Project("{FAE04EC0-301F-11D3-BF4B-00C04F79EFBC}") = "StackQueuePerform", "..\StackQueue\StackQueue\StackQueuePerform.csproj", "{689AECD7-97C9-4C0E-93D3-64867172717E}"
EndProject
Project("{FAE04EC0-301F-11D3-BF4B-00C04F79EFBC}") = "BufferClearTest", "..\BufferClearTest\BufferClearTest\BufferClearTest.csproj", "{E22193D3-6815-4451-8FD7-B8ADA4DFF300}"
EndProject
Project("{FAE04EC0-301F-11D3-BF4B-00C04F79EFBC}") = "Int16short", "..\Int16short\Int16short\Int16short.csproj", "{4C7EF303-AEA8-40AA-9366-607413350E16}"
EndProject
Project("{FAE04EC0-301F-11D3-BF4B-00C04F79EFBC}") = "EventArgs1", "..\EventArgs1\EventArgs1\EventArgs1.csproj", "{3B2DB626-F0E2-48F5-8912-0D416B72CCC8}"
EndProject
Project("{FAE04EC0-301F-11D3-BF4B-00C04F79EFBC}") = "EventArgs2", "..\EventArgs2\EventArgs2\EventArgs2.csproj", "{5FAC462E-2C3D-4EA1-852C-478904E5C2CA}"
EndProject
Project("{FAE04EC0-301F-11D3-BF4B-00C04F79EFBC}") = "EventArgs3_Callback", "..\EventArgs3_Callback\EventArgs3_Callback\EventArgs3_Callback.csproj", "{49E45902-4DB7-460A-B40A-F60FA23F554C}"
EndProject
Project("{FAE04EC0-301F-11D3-BF4B-00C04F79EFBC}") = "EventArgs3", "..\EventArgs3\EventArgs3\EventArgs3.csproj", "{D17DEE6F-12BF-43D3-8CE6-2EB68E7E935A}"
EndProject
Project("{FAE04EC0-301F-11D3-BF4B-00C04F79EFBC}") = "EventArgs4", "..\EventArgs4\EventArgs4\EventArgs4.csproj", "{CBF97E71-0C20-44E0-8489-20D04B40C784}"
EndProject
Project("{FAE04EC0-301F-11D3-BF4B-00C04F79EFBC}") = "EventArgs5", "..\EventArgs5\EventArgs5\EventArgs5.csproj", "{0F4FDC12-5F55-4F7F-9693-15B49B3EC72E}"
EndProject
Project("{FAE04EC0-301F-11D3-BF4B-00C04F79EFBC}") = "EventArgs6", "..\EventArgs6\EventArgs6\EventArgs6.csproj", "{E8C5EB1B-7023-4974-AF87-802D41B51CE3}"
EndProject
Project("{FAE04EC0-301F-11D3-BF4B-00C04F79EFBC}") = "RingBuffer", "..\CircleQueue\CircleQueue\RingBuffer.csproj", "{2062FF02-305D-475B-9B8C-30EEE613CA46}"
EndProject
Project("{FAE04EC0-301F-11D3-BF4B-00C04F79EFBC}") = "EventArgs7_Callback", "..\EventArgs7_Callback\EventArgs7_Callback\EventArgs7_Callback.csproj", "{10D777A4-50B9-4CD2-9ADF-51C8F2949AFE}"
EndProject
Project("{FAE04EC0-301F-11D3-BF4B-00C04F79EFBC}") = "LargeMemory", "..\LargeMemory\LargeMemory\LargeMemory.csproj", "{F7816CAD-3749-4094-8AFA-A0C70A348445}"
EndProject
Project("{FAE04EC0-301F-11D3-BF4B-00C04F79EFBC}") = "100_AsyncRun", "..\100_AsyncRun\100_AsyncRun\100_AsyncRun.csproj", "{AE6F17E6-E274-4AAF-880F-C743F80A8E3B}"
EndProject
Project("{FAE04EC0-301F-11D3-BF4B-00C04F79EFBC}") = "101_ForeachDelegate", "..\101_ForeachDelegate\101_ForeachDelegate\101_ForeachDelegate.csproj", "{A778A88B-942A-4943-AD74-AF6E2CDFE52D}"
EndProject
Project("{FAE04EC0-301F-11D3-BF4B-00C04F79EFBC}") = "110_MultiThread", "..\MultiThread\MultiThread\110_MultiThread.csproj", "{B5608249-F69F-412C-B676-C072D07FEA82}"
EndProject
Project("{FAE04EC0-301F-11D3-BF4B-00C04F79EFBC}") = "110_MultiThreadQueue", "..\MultiThreadQueue\MultiThreadQueue\110_MultiThreadQueue.csproj", "{A570A02E-6EE1-4258-AF31-5A3D7C949F03}"
EndProject
Project("{FAE04EC0-301F-11D3-BF4B-00C04F79EFBC}") = "110_MultiThreadQueue2_Problem", "..\MultiThreadQueue2\MultiThreadQueue2\110_MultiThreadQueue2_Problem.csproj", "{FC45551D-20DD-43AB-B1E0-432EAFD88508}"
EndProject
Project("{FAE04EC0-301F-11D3-BF4B-00C04F79EFBC}") = "110_MultiThreadQueue3_1_Resolution(Queue)", "..\MultiThreadQueue3\MultiThreadQueue3\110_MultiThreadQueue3_1_Resolution(Queue).csproj", "{45D5E2B8-ECED-410C-9B81-219186D13A4C}"
EndProject
Project("{FAE04EC0-301F-11D3-BF4B-00C04F79EFBC}") = "StaticTest", "..\StaticTest\StaticTest\StaticTest.csproj", "{DF2A83DD-E49B-4648-ADAE-1B3998E07679}"
EndProject
Project("{FAE04EC0-301F-11D3-BF4B-00C04F79EFBC}") = "100_async_await2", "100_async_await2\100_async_await2.csproj", "{3582C4B1-14C2-41F9-881F-79776D167096}"
EndProject
Project("{FAE04EC0-301F-11D3-BF4B-00C04F79EFBC}") = "100_async_await3", "..\100_async_await3\100_async_await3\100_async_await3.csproj", "{C555BE9B-6938-4252-8D98-EEC7FBD6213C}"
EndProject
Project("{FAE04EC0-301F-11D3-BF4B-00C04F79EFBC}") = "WindowsFormsApp2", "..\WindowsFormsApp2\WindowsFormsApp2\WindowsFormsApp2.csproj", "{0CC91EB7-A626-48C9-AE17-F68A18768B00}"
EndProject
Project("{FAE04EC0-301F-11D3-BF4B-00C04F79EFBC}") = "WindowsFormsApp1", "..\WindowsFormsApp1\WindowsFormsApp1\WindowsFormsApp1.csproj", "{A5CF9AA6-3F27-450E-84F3-51C96EFFD963}"
EndProject
Project("{FAE04EC0-301F-11D3-BF4B-00C04F79EFBC}") = "102_BitConverter", "102_BitConverter\102_BitConverter.csproj", "{443B6316-B99E-4EC7-B6DD-A2B5DF4D3D6E}"
EndProject
Project("{FAE04EC0-301F-11D3-BF4B-00C04F79EFBC}") = "103_ByteToDataSpeedTest", "ByteToDataSpeedTest\103_ByteToDataSpeedTest.csproj", "{F609D9F4-C3AF-47BD-AEEE-F72A794AB1A3}"
EndProject
Project("{FAE04EC0-301F-11D3-BF4B-00C04F79EFBC}") = "104_ArrayCopyTest", "104_ArrayCopyTest\104_ArrayCopyTest.csproj", "{74604C68-70F6-46FD-BFF3-DE151BC66AD2}"
EndProject
Project("{FAE04EC0-301F-11D3-BF4B-00C04F79EFBC}") = "105_FloatToByteTest", "105_FloatToByteTest\105_FloatToByteTest.csproj", "{42BA04C9-701A-4079-B932-1FA56E3D8764}"
EndProject
Project("{FAE04EC0-301F-11D3-BF4B-00C04F79EFBC}") = "106_ListAddRemoveTest", "106_ListAddRemoveTest\106_ListAddRemoveTest.csproj", "{575CC3E6-BA0C-40B8-8979-EA85385D6F51}"
EndProject
Project("{FAE04EC0-301F-11D3-BF4B-00C04F79EFBC}") = "107_ListForEach", "107_ListForEach\107_ListForEach.csproj", "{FC776905-21FC-4B40-993C-65DDC82BCD4C}"
EndProject
Project("{FAE04EC0-301F-11D3-BF4B-00C04F79EFBC}") = "108_InnerClass", "108_InnerClass\108_InnerClass.csproj", "{B982C124-A1EC-40E9-9D0A-5522DF2C32DF}"
EndProject
Project("{FAE04EC0-301F-11D3-BF4B-00C04F79EFBC}") = "109_Static", "109_Static\109_Static.csproj", "{B2C10582-CFC7-4E48-A1D0-6E25F0A73854}"
EndProject
Project("{FAE04EC0-301F-11D3-BF4B-00C04F79EFBC}") = "106_ListAddObject", "106_ListAddObject\106_ListAddObject.csproj", "{5C00C790-21A2-443E-89F2-B84B5C163BA7}"
EndProject
Project("{FAE04EC0-301F-11D3-BF4B-00C04F79EFBC}") = "106_ListAddObject2", "106_ListAddObject2\106_ListAddObject2.csproj", "{0CC020B1-CD63-4187-A3FD-671E780C3E9B}"
EndProject
Project("{FAE04EC0-301F-11D3-BF4B-00C04F79EFBC}") = "109_StaticClasses", "StaticClasses\109_StaticClasses.csproj", "{419D1352-8DE1-4546-A944-6B96FAE874D2}"
EndProject
Project("{FAE04EC0-301F-11D3-BF4B-00C04F79EFBC}") = "110_MultiThreadQueue3_2_Resolution(objectsame)", "MultiThreadQueue3_Resolution(object)\110_MultiThreadQueue3_2_Resolution(objectsame).csproj", "{633228D4-5234-4C5E-AA20-4951C0465D65}"
EndProject
Project("{FAE04EC0-301F-11D3-BF4B-00C04F79EFBC}") = "110_MultiThreadQueue3_3_Resolution_objectother", "MultiThreadQueue3_Resolution_objectother\110_MultiThreadQueue3_3_Resolution_objectother.csproj", "{6508D4EC-D1BA-4A0A-A1ED-025F926E6C7B}"
EndProject
Project("{FAE04EC0-301F-11D3-BF4B-00C04F79EFBC}") = "111_LockTest", "111_LockTest\111_LockTest.csproj", "{55AF1B27-FB43-4843-AC9A-FFE66A04D384}"
EndProject
Project("{FAE04EC0-301F-11D3-BF4B-00C04F79EFBC}") = "112_01_Thread", "112_Thread\112_01_Thread.csproj", "{3986FF62-EBDD-4DF6-87CF-4375C7DF5BB9}"
EndProject
Project("{FAE04EC0-301F-11D3-BF4B-00C04F79EFBC}") = "112_03_ThreadPool(noreturn)", "ThreadPool\112_03_ThreadPool(noreturn).csproj", "{396C2209-FE12-449A-B148-B17891D65E3F}"
EndProject
Project("{FAE04EC0-301F-11D3-BF4B-00C04F79EFBC}") = "112_02_ThreadAutoResetEvent", "112_03_ThreadAutoResetEvent\112_02_ThreadAutoResetEvent.csproj", "{C93128C3-E7FC-4CBD-8997-1BE38E1E018F}"
EndProject
Project("{FAE04EC0-301F-11D3-BF4B-00C04F79EFBC}") = "113_01_TaskTest", "113_01_TaskTest\113_01_TaskTest.csproj", "{2349E4F9-788F-4DDD-AC47-44721CEB5C8A}"
EndProject
Project("{FAE04EC0-301F-11D3-BF4B-00C04F79EFBC}") = "114_01_Parallel", "114_Parallel\114_01_Parallel.csproj", "{1B8D4DFD-9B27-48FC-9431-D32AA5A893E1}"
EndProject
Project("{FAE04EC0-301F-11D3-BF4B-00C04F79EFBC}") = "113_02_TaskTest", "113_02_TaskTest\113_02_TaskTest.csproj", "{569DB424-3295-4EFA-B3E4-38A20A8359F9}"
EndProject
Project("{FAE04EC0-301F-11D3-BF4B-00C04F79EFBC}") = "115_01_Timer", "115_01_Timer\115_01_Timer.csproj", "{B0EED35E-DDC5-4A91-A961-1A5E2A0B506D}"
EndProject
Project("{FAE04EC0-301F-11D3-BF4B-00C04F79EFBC}") = "113_03_TaskTest", "113_03_TaskTest\113_03_TaskTest.csproj", "{A805ECA6-33A8-459A-9FFE-E0982AC05CEC}"
EndProject
Project("{FAE04EC0-301F-11D3-BF4B-00C04F79EFBC}") = "114_TextEncoding", "114_TextEncoding\114_TextEncoding.csproj", "{3996AA71-E6DA-47C2-AE31-985D2433E302}"
EndProject
Project("{FAE04EC0-301F-11D3-BF4B-00C04F79EFBC}") = "116_LINQTest", "116_LINQTest\116_LINQTest.csproj", "{1EF3B560-9959-4EDE-82FA-505E05AB78A4}"
EndProject
Project("{FAE04EC0-301F-11D3-BF4B-00C04F79EFBC}") = "117_PattenString", "117_Patten\117_PattenString.csproj", "{954296C2-315F-4B7B-9072-F3A7F81A6AC1}"
EndProject
Project("{FAE04EC0-301F-11D3-BF4B-00C04F79EFBC}") = "118_delegate", "118_delegate\118_delegate.csproj", "{BFC6FC34-B35E-44FF-8317-6B95F0B0E610}"
EndProject
Project("{FAE04EC0-301F-11D3-BF4B-00C04F79EFBC}") = "110_MultiThread_AutoResetEvent", "110_MultiThread_AutoResetEvent\110_MultiThread_AutoResetEvent.csproj", "{DBEB73C3-2FD5-47E7-AAEE-03BF0B6F47EA}"
EndProject
Project("{FAE04EC0-301F-11D3-BF4B-00C04F79EFBC}") = "110_MultiThread_AutoResetEvent2", "110_MultiThread_AutoResetEvent2\110_MultiThread_AutoResetEvent2.csproj", "{2AE07B42-2898-4535-A5F1-D6F37145E6CF}"
EndProject
Project("{FAE04EC0-301F-11D3-BF4B-00C04F79EFBC}") = "119_ArraySegment", "119_ArraySegment\119_ArraySegment.csproj", "{D469EE8B-ECEB-4596-A6DD-1F2BD5247EEA}"
EndProject
Project("{FAE04EC0-301F-11D3-BF4B-00C04F79EFBC}") = "119_BufferBlockCopy", "119_BufferBlockCopy\119_BufferBlockCopy.csproj", "{5AE01077-9D0D-4140-A3AA-EA7E96D511B8}"
EndProject
Project("{FAE04EC0-301F-11D3-BF4B-00C04F79EFBC}") = "115_02_System.Threading.Timer", "115_02_Timer\115_02_System.Threading.Timer.csproj", "{5A70B836-1543-4BA6-B1E0-5C3C7A8DE105}"
EndProject
Project("{FAE04EC0-301F-11D3-BF4B-00C04F79EFBC}") = "115_02_System.Times.Timer", "115_02_System.Times.Timer\115_02_System.Times.Timer.csproj", "{C9259925-715A-451C-B321-4E3056EFF43B}"
EndProject
Project("{FAE04EC0-301F-11D3-BF4B-00C04F79EFBC}") = "104_ArrayCopyTest2", "104_ArrayCopyTest2\104_ArrayCopyTest2.csproj", "{310A1CB2-27B2-4D72-9F0F-1C63577F6475}"
EndProject
Project("{FAE04EC0-301F-11D3-BF4B-00C04F79EFBC}") = "Upbit_Log_Analysis", "..\Upbit_Log_Analysis\Upbit_Log_Analysis\Upbit_Log_Analysis.csproj", "{6C5AB2E2-DADC-43ED-97CA-C1CAC5AE7DFC}"
EndProject
Project("{FAE04EC0-301F-11D3-BF4B-00C04F79EFBC}") = "ClassPool", "..\ObjectPool\ObjectPool\ClassPool.csproj", "{3F49377E-8E10-418A-B7FC-0A4575B9181E}"
EndProject
Project("{FAE04EC0-301F-11D3-BF4B-00C04F79EFBC}") = "JsonTest", "..\JsonTest\JsonTest\JsonTest.csproj", "{2B24B331-C833-4CD2-BAFF-A101C33C3882}"
EndProject
Project("{FAE04EC0-301F-11D3-BF4B-00C04F79EFBC}") = "MultiThreadHeater", "..\MultiThreadHeater\MultiThreadHeater.csproj", "{D4C4720A-7506-43A0-9F58-3DD43D84E566}"
EndProject
Global
	GlobalSection(SolutionConfigurationPlatforms) = preSolution
		Debug|Any CPU = Debug|Any CPU
		Release|Any CPU = Release|Any CPU
	EndGlobalSection
	GlobalSection(ProjectConfigurationPlatforms) = postSolution
		{1ED0DDBD-FBAC-43BA-A707-080C59AB59CD}.Debug|Any CPU.ActiveCfg = Debug|Any CPU
		{1ED0DDBD-FBAC-43BA-A707-080C59AB59CD}.Debug|Any CPU.Build.0 = Debug|Any CPU
		{1ED0DDBD-FBAC-43BA-A707-080C59AB59CD}.Release|Any CPU.ActiveCfg = Release|Any CPU
		{1ED0DDBD-FBAC-43BA-A707-080C59AB59CD}.Release|Any CPU.Build.0 = Release|Any CPU
		{AE8CAA3E-6DB3-4239-BBF4-24A4ADCA66FD}.Debug|Any CPU.ActiveCfg = Debug|Any CPU
		{AE8CAA3E-6DB3-4239-BBF4-24A4ADCA66FD}.Debug|Any CPU.Build.0 = Debug|Any CPU
		{AE8CAA3E-6DB3-4239-BBF4-24A4ADCA66FD}.Release|Any CPU.ActiveCfg = Release|Any CPU
		{AE8CAA3E-6DB3-4239-BBF4-24A4ADCA66FD}.Release|Any CPU.Build.0 = Release|Any CPU
		{689AECD7-97C9-4C0E-93D3-64867172717E}.Debug|Any CPU.ActiveCfg = Debug|Any CPU
		{689AECD7-97C9-4C0E-93D3-64867172717E}.Debug|Any CPU.Build.0 = Debug|Any CPU
		{689AECD7-97C9-4C0E-93D3-64867172717E}.Release|Any CPU.ActiveCfg = Release|Any CPU
		{689AECD7-97C9-4C0E-93D3-64867172717E}.Release|Any CPU.Build.0 = Release|Any CPU
		{E22193D3-6815-4451-8FD7-B8ADA4DFF300}.Debug|Any CPU.ActiveCfg = Debug|Any CPU
		{E22193D3-6815-4451-8FD7-B8ADA4DFF300}.Debug|Any CPU.Build.0 = Debug|Any CPU
		{E22193D3-6815-4451-8FD7-B8ADA4DFF300}.Release|Any CPU.ActiveCfg = Release|Any CPU
		{E22193D3-6815-4451-8FD7-B8ADA4DFF300}.Release|Any CPU.Build.0 = Release|Any CPU
		{4C7EF303-AEA8-40AA-9366-607413350E16}.Debug|Any CPU.ActiveCfg = Debug|Any CPU
		{4C7EF303-AEA8-40AA-9366-607413350E16}.Debug|Any CPU.Build.0 = Debug|Any CPU
		{4C7EF303-AEA8-40AA-9366-607413350E16}.Release|Any CPU.ActiveCfg = Release|Any CPU
		{4C7EF303-AEA8-40AA-9366-607413350E16}.Release|Any CPU.Build.0 = Release|Any CPU
		{3B2DB626-F0E2-48F5-8912-0D416B72CCC8}.Debug|Any CPU.ActiveCfg = Debug|Any CPU
		{3B2DB626-F0E2-48F5-8912-0D416B72CCC8}.Debug|Any CPU.Build.0 = Debug|Any CPU
		{3B2DB626-F0E2-48F5-8912-0D416B72CCC8}.Release|Any CPU.ActiveCfg = Release|Any CPU
		{3B2DB626-F0E2-48F5-8912-0D416B72CCC8}.Release|Any CPU.Build.0 = Release|Any CPU
		{5FAC462E-2C3D-4EA1-852C-478904E5C2CA}.Debug|Any CPU.ActiveCfg = Debug|Any CPU
		{5FAC462E-2C3D-4EA1-852C-478904E5C2CA}.Debug|Any CPU.Build.0 = Debug|Any CPU
		{5FAC462E-2C3D-4EA1-852C-478904E5C2CA}.Release|Any CPU.ActiveCfg = Release|Any CPU
		{5FAC462E-2C3D-4EA1-852C-478904E5C2CA}.Release|Any CPU.Build.0 = Release|Any CPU
		{49E45902-4DB7-460A-B40A-F60FA23F554C}.Debug|Any CPU.ActiveCfg = Debug|Any CPU
		{49E45902-4DB7-460A-B40A-F60FA23F554C}.Debug|Any CPU.Build.0 = Debug|Any CPU
		{49E45902-4DB7-460A-B40A-F60FA23F554C}.Release|Any CPU.ActiveCfg = Release|Any CPU
		{49E45902-4DB7-460A-B40A-F60FA23F554C}.Release|Any CPU.Build.0 = Release|Any CPU
		{D17DEE6F-12BF-43D3-8CE6-2EB68E7E935A}.Debug|Any CPU.ActiveCfg = Debug|Any CPU
		{D17DEE6F-12BF-43D3-8CE6-2EB68E7E935A}.Debug|Any CPU.Build.0 = Debug|Any CPU
		{D17DEE6F-12BF-43D3-8CE6-2EB68E7E935A}.Release|Any CPU.ActiveCfg = Release|Any CPU
		{D17DEE6F-12BF-43D3-8CE6-2EB68E7E935A}.Release|Any CPU.Build.0 = Release|Any CPU
		{CBF97E71-0C20-44E0-8489-20D04B40C784}.Debug|Any CPU.ActiveCfg = Debug|Any CPU
		{CBF97E71-0C20-44E0-8489-20D04B40C784}.Debug|Any CPU.Build.0 = Debug|Any CPU
		{CBF97E71-0C20-44E0-8489-20D04B40C784}.Release|Any CPU.ActiveCfg = Release|Any CPU
		{CBF97E71-0C20-44E0-8489-20D04B40C784}.Release|Any CPU.Build.0 = Release|Any CPU
		{0F4FDC12-5F55-4F7F-9693-15B49B3EC72E}.Debug|Any CPU.ActiveCfg = Debug|Any CPU
		{0F4FDC12-5F55-4F7F-9693-15B49B3EC72E}.Debug|Any CPU.Build.0 = Debug|Any CPU
		{0F4FDC12-5F55-4F7F-9693-15B49B3EC72E}.Release|Any CPU.ActiveCfg = Release|Any CPU
		{0F4FDC12-5F55-4F7F-9693-15B49B3EC72E}.Release|Any CPU.Build.0 = Release|Any CPU
		{E8C5EB1B-7023-4974-AF87-802D41B51CE3}.Debug|Any CPU.ActiveCfg = Debug|Any CPU
		{E8C5EB1B-7023-4974-AF87-802D41B51CE3}.Debug|Any CPU.Build.0 = Debug|Any CPU
		{E8C5EB1B-7023-4974-AF87-802D41B51CE3}.Release|Any CPU.ActiveCfg = Release|Any CPU
		{E8C5EB1B-7023-4974-AF87-802D41B51CE3}.Release|Any CPU.Build.0 = Release|Any CPU
		{2062FF02-305D-475B-9B8C-30EEE613CA46}.Debug|Any CPU.ActiveCfg = Debug|Any CPU
		{2062FF02-305D-475B-9B8C-30EEE613CA46}.Debug|Any CPU.Build.0 = Debug|Any CPU
		{2062FF02-305D-475B-9B8C-30EEE613CA46}.Release|Any CPU.ActiveCfg = Release|Any CPU
		{2062FF02-305D-475B-9B8C-30EEE613CA46}.Release|Any CPU.Build.0 = Release|Any CPU
		{10D777A4-50B9-4CD2-9ADF-51C8F2949AFE}.Debug|Any CPU.ActiveCfg = Debug|Any CPU
		{10D777A4-50B9-4CD2-9ADF-51C8F2949AFE}.Debug|Any CPU.Build.0 = Debug|Any CPU
		{10D777A4-50B9-4CD2-9ADF-51C8F2949AFE}.Release|Any CPU.ActiveCfg = Release|Any CPU
		{10D777A4-50B9-4CD2-9ADF-51C8F2949AFE}.Release|Any CPU.Build.0 = Release|Any CPU
		{F7816CAD-3749-4094-8AFA-A0C70A348445}.Debug|Any CPU.ActiveCfg = Debug|Any CPU
		{F7816CAD-3749-4094-8AFA-A0C70A348445}.Debug|Any CPU.Build.0 = Debug|Any CPU
		{F7816CAD-3749-4094-8AFA-A0C70A348445}.Release|Any CPU.ActiveCfg = Release|Any CPU
		{F7816CAD-3749-4094-8AFA-A0C70A348445}.Release|Any CPU.Build.0 = Release|Any CPU
		{AE6F17E6-E274-4AAF-880F-C743F80A8E3B}.Debug|Any CPU.ActiveCfg = Debug|Any CPU
		{AE6F17E6-E274-4AAF-880F-C743F80A8E3B}.Debug|Any CPU.Build.0 = Debug|Any CPU
		{AE6F17E6-E274-4AAF-880F-C743F80A8E3B}.Release|Any CPU.ActiveCfg = Release|Any CPU
		{AE6F17E6-E274-4AAF-880F-C743F80A8E3B}.Release|Any CPU.Build.0 = Release|Any CPU
		{A778A88B-942A-4943-AD74-AF6E2CDFE52D}.Debug|Any CPU.ActiveCfg = Debug|Any CPU
		{A778A88B-942A-4943-AD74-AF6E2CDFE52D}.Debug|Any CPU.Build.0 = Debug|Any CPU
		{A778A88B-942A-4943-AD74-AF6E2CDFE52D}.Release|Any CPU.ActiveCfg = Release|Any CPU
		{A778A88B-942A-4943-AD74-AF6E2CDFE52D}.Release|Any CPU.Build.0 = Release|Any CPU
		{B5608249-F69F-412C-B676-C072D07FEA82}.Debug|Any CPU.ActiveCfg = Debug|Any CPU
		{B5608249-F69F-412C-B676-C072D07FEA82}.Debug|Any CPU.Build.0 = Debug|Any CPU
		{B5608249-F69F-412C-B676-C072D07FEA82}.Release|Any CPU.ActiveCfg = Release|Any CPU
		{B5608249-F69F-412C-B676-C072D07FEA82}.Release|Any CPU.Build.0 = Release|Any CPU
		{A570A02E-6EE1-4258-AF31-5A3D7C949F03}.Debug|Any CPU.ActiveCfg = Debug|Any CPU
		{A570A02E-6EE1-4258-AF31-5A3D7C949F03}.Debug|Any CPU.Build.0 = Debug|Any CPU
		{A570A02E-6EE1-4258-AF31-5A3D7C949F03}.Release|Any CPU.ActiveCfg = Release|Any CPU
		{A570A02E-6EE1-4258-AF31-5A3D7C949F03}.Release|Any CPU.Build.0 = Release|Any CPU
		{FC45551D-20DD-43AB-B1E0-432EAFD88508}.Debug|Any CPU.ActiveCfg = Debug|Any CPU
		{FC45551D-20DD-43AB-B1E0-432EAFD88508}.Debug|Any CPU.Build.0 = Debug|Any CPU
		{FC45551D-20DD-43AB-B1E0-432EAFD88508}.Release|Any CPU.ActiveCfg = Release|Any CPU
		{FC45551D-20DD-43AB-B1E0-432EAFD88508}.Release|Any CPU.Build.0 = Release|Any CPU
		{45D5E2B8-ECED-410C-9B81-219186D13A4C}.Debug|Any CPU.ActiveCfg = Debug|Any CPU
		{45D5E2B8-ECED-410C-9B81-219186D13A4C}.Debug|Any CPU.Build.0 = Debug|Any CPU
		{45D5E2B8-ECED-410C-9B81-219186D13A4C}.Release|Any CPU.ActiveCfg = Release|Any CPU
		{45D5E2B8-ECED-410C-9B81-219186D13A4C}.Release|Any CPU.Build.0 = Release|Any CPU
		{DF2A83DD-E49B-4648-ADAE-1B3998E07679}.Debug|Any CPU.ActiveCfg = Debug|Any CPU
		{DF2A83DD-E49B-4648-ADAE-1B3998E07679}.Debug|Any CPU.Build.0 = Debug|Any CPU
		{DF2A83DD-E49B-4648-ADAE-1B3998E07679}.Release|Any CPU.ActiveCfg = Release|Any CPU
		{DF2A83DD-E49B-4648-ADAE-1B3998E07679}.Release|Any CPU.Build.0 = Release|Any CPU
		{3582C4B1-14C2-41F9-881F-79776D167096}.Debug|Any CPU.ActiveCfg = Debug|Any CPU
		{3582C4B1-14C2-41F9-881F-79776D167096}.Debug|Any CPU.Build.0 = Debug|Any CPU
		{3582C4B1-14C2-41F9-881F-79776D167096}.Release|Any CPU.ActiveCfg = Release|Any CPU
		{3582C4B1-14C2-41F9-881F-79776D167096}.Release|Any CPU.Build.0 = Release|Any CPU
		{C555BE9B-6938-4252-8D98-EEC7FBD6213C}.Debug|Any CPU.ActiveCfg = Debug|Any CPU
		{C555BE9B-6938-4252-8D98-EEC7FBD6213C}.Debug|Any CPU.Build.0 = Debug|Any CPU
		{C555BE9B-6938-4252-8D98-EEC7FBD6213C}.Release|Any CPU.ActiveCfg = Release|Any CPU
		{C555BE9B-6938-4252-8D98-EEC7FBD6213C}.Release|Any CPU.Build.0 = Release|Any CPU
		{0CC91EB7-A626-48C9-AE17-F68A18768B00}.Debug|Any CPU.ActiveCfg = Debug|Any CPU
		{0CC91EB7-A626-48C9-AE17-F68A18768B00}.Debug|Any CPU.Build.0 = Debug|Any CPU
		{0CC91EB7-A626-48C9-AE17-F68A18768B00}.Release|Any CPU.ActiveCfg = Release|Any CPU
		{0CC91EB7-A626-48C9-AE17-F68A18768B00}.Release|Any CPU.Build.0 = Release|Any CPU
		{A5CF9AA6-3F27-450E-84F3-51C96EFFD963}.Debug|Any CPU.ActiveCfg = Debug|Any CPU
		{A5CF9AA6-3F27-450E-84F3-51C96EFFD963}.Debug|Any CPU.Build.0 = Debug|Any CPU
		{A5CF9AA6-3F27-450E-84F3-51C96EFFD963}.Release|Any CPU.ActiveCfg = Release|Any CPU
		{A5CF9AA6-3F27-450E-84F3-51C96EFFD963}.Release|Any CPU.Build.0 = Release|Any CPU
		{443B6316-B99E-4EC7-B6DD-A2B5DF4D3D6E}.Debug|Any CPU.ActiveCfg = Debug|Any CPU
		{443B6316-B99E-4EC7-B6DD-A2B5DF4D3D6E}.Debug|Any CPU.Build.0 = Debug|Any CPU
		{443B6316-B99E-4EC7-B6DD-A2B5DF4D3D6E}.Release|Any CPU.ActiveCfg = Release|Any CPU
		{443B6316-B99E-4EC7-B6DD-A2B5DF4D3D6E}.Release|Any CPU.Build.0 = Release|Any CPU
		{F609D9F4-C3AF-47BD-AEEE-F72A794AB1A3}.Debug|Any CPU.ActiveCfg = Debug|Any CPU
		{F609D9F4-C3AF-47BD-AEEE-F72A794AB1A3}.Debug|Any CPU.Build.0 = Debug|Any CPU
		{F609D9F4-C3AF-47BD-AEEE-F72A794AB1A3}.Release|Any CPU.ActiveCfg = Release|Any CPU
		{F609D9F4-C3AF-47BD-AEEE-F72A794AB1A3}.Release|Any CPU.Build.0 = Release|Any CPU
		{74604C68-70F6-46FD-BFF3-DE151BC66AD2}.Debug|Any CPU.ActiveCfg = Debug|Any CPU
		{74604C68-70F6-46FD-BFF3-DE151BC66AD2}.Debug|Any CPU.Build.0 = Debug|Any CPU
		{74604C68-70F6-46FD-BFF3-DE151BC66AD2}.Release|Any CPU.ActiveCfg = Release|Any CPU
		{74604C68-70F6-46FD-BFF3-DE151BC66AD2}.Release|Any CPU.Build.0 = Release|Any CPU
		{42BA04C9-701A-4079-B932-1FA56E3D8764}.Debug|Any CPU.ActiveCfg = Debug|Any CPU
		{42BA04C9-701A-4079-B932-1FA56E3D8764}.Debug|Any CPU.Build.0 = Debug|Any CPU
		{42BA04C9-701A-4079-B932-1FA56E3D8764}.Release|Any CPU.ActiveCfg = Release|Any CPU
		{42BA04C9-701A-4079-B932-1FA56E3D8764}.Release|Any CPU.Build.0 = Release|Any CPU
		{575CC3E6-BA0C-40B8-8979-EA85385D6F51}.Debug|Any CPU.ActiveCfg = Debug|Any CPU
		{575CC3E6-BA0C-40B8-8979-EA85385D6F51}.Debug|Any CPU.Build.0 = Debug|Any CPU
		{575CC3E6-BA0C-40B8-8979-EA85385D6F51}.Release|Any CPU.ActiveCfg = Release|Any CPU
		{575CC3E6-BA0C-40B8-8979-EA85385D6F51}.Release|Any CPU.Build.0 = Release|Any CPU
		{FC776905-21FC-4B40-993C-65DDC82BCD4C}.Debug|Any CPU.ActiveCfg = Debug|Any CPU
		{FC776905-21FC-4B40-993C-65DDC82BCD4C}.Debug|Any CPU.Build.0 = Debug|Any CPU
		{FC776905-21FC-4B40-993C-65DDC82BCD4C}.Release|Any CPU.ActiveCfg = Release|Any CPU
		{FC776905-21FC-4B40-993C-65DDC82BCD4C}.Release|Any CPU.Build.0 = Release|Any CPU
		{B982C124-A1EC-40E9-9D0A-5522DF2C32DF}.Debug|Any CPU.ActiveCfg = Debug|Any CPU
		{B982C124-A1EC-40E9-9D0A-5522DF2C32DF}.Debug|Any CPU.Build.0 = Debug|Any CPU
		{B982C124-A1EC-40E9-9D0A-5522DF2C32DF}.Release|Any CPU.ActiveCfg = Release|Any CPU
		{B982C124-A1EC-40E9-9D0A-5522DF2C32DF}.Release|Any CPU.Build.0 = Release|Any CPU
		{B2C10582-CFC7-4E48-A1D0-6E25F0A73854}.Debug|Any CPU.ActiveCfg = Debug|Any CPU
		{B2C10582-CFC7-4E48-A1D0-6E25F0A73854}.Debug|Any CPU.Build.0 = Debug|Any CPU
		{B2C10582-CFC7-4E48-A1D0-6E25F0A73854}.Release|Any CPU.ActiveCfg = Release|Any CPU
		{B2C10582-CFC7-4E48-A1D0-6E25F0A73854}.Release|Any CPU.Build.0 = Release|Any CPU
		{5C00C790-21A2-443E-89F2-B84B5C163BA7}.Debug|Any CPU.ActiveCfg = Debug|Any CPU
		{5C00C790-21A2-443E-89F2-B84B5C163BA7}.Debug|Any CPU.Build.0 = Debug|Any CPU
		{5C00C790-21A2-443E-89F2-B84B5C163BA7}.Release|Any CPU.ActiveCfg = Release|Any CPU
		{5C00C790-21A2-443E-89F2-B84B5C163BA7}.Release|Any CPU.Build.0 = Release|Any CPU
		{0CC020B1-CD63-4187-A3FD-671E780C3E9B}.Debug|Any CPU.ActiveCfg = Debug|Any CPU
		{0CC020B1-CD63-4187-A3FD-671E780C3E9B}.Debug|Any CPU.Build.0 = Debug|Any CPU
		{0CC020B1-CD63-4187-A3FD-671E780C3E9B}.Release|Any CPU.ActiveCfg = Release|Any CPU
		{0CC020B1-CD63-4187-A3FD-671E780C3E9B}.Release|Any CPU.Build.0 = Release|Any CPU
		{419D1352-8DE1-4546-A944-6B96FAE874D2}.Debug|Any CPU.ActiveCfg = Debug|Any CPU
		{419D1352-8DE1-4546-A944-6B96FAE874D2}.Debug|Any CPU.Build.0 = Debug|Any CPU
		{419D1352-8DE1-4546-A944-6B96FAE874D2}.Release|Any CPU.ActiveCfg = Release|Any CPU
		{419D1352-8DE1-4546-A944-6B96FAE874D2}.Release|Any CPU.Build.0 = Release|Any CPU
		{633228D4-5234-4C5E-AA20-4951C0465D65}.Debug|Any CPU.ActiveCfg = Debug|Any CPU
		{633228D4-5234-4C5E-AA20-4951C0465D65}.Debug|Any CPU.Build.0 = Debug|Any CPU
		{633228D4-5234-4C5E-AA20-4951C0465D65}.Release|Any CPU.ActiveCfg = Release|Any CPU
		{633228D4-5234-4C5E-AA20-4951C0465D65}.Release|Any CPU.Build.0 = Release|Any CPU
		{6508D4EC-D1BA-4A0A-A1ED-025F926E6C7B}.Debug|Any CPU.ActiveCfg = Debug|Any CPU
		{6508D4EC-D1BA-4A0A-A1ED-025F926E6C7B}.Debug|Any CPU.Build.0 = Debug|Any CPU
		{6508D4EC-D1BA-4A0A-A1ED-025F926E6C7B}.Release|Any CPU.ActiveCfg = Release|Any CPU
		{6508D4EC-D1BA-4A0A-A1ED-025F926E6C7B}.Release|Any CPU.Build.0 = Release|Any CPU
		{55AF1B27-FB43-4843-AC9A-FFE66A04D384}.Debug|Any CPU.ActiveCfg = Debug|Any CPU
		{55AF1B27-FB43-4843-AC9A-FFE66A04D384}.Debug|Any CPU.Build.0 = Debug|Any CPU
		{55AF1B27-FB43-4843-AC9A-FFE66A04D384}.Release|Any CPU.ActiveCfg = Release|Any CPU
		{55AF1B27-FB43-4843-AC9A-FFE66A04D384}.Release|Any CPU.Build.0 = Release|Any CPU
		{3986FF62-EBDD-4DF6-87CF-4375C7DF5BB9}.Debug|Any CPU.ActiveCfg = Debug|Any CPU
		{3986FF62-EBDD-4DF6-87CF-4375C7DF5BB9}.Debug|Any CPU.Build.0 = Debug|Any CPU
		{3986FF62-EBDD-4DF6-87CF-4375C7DF5BB9}.Release|Any CPU.ActiveCfg = Release|Any CPU
		{3986FF62-EBDD-4DF6-87CF-4375C7DF5BB9}.Release|Any CPU.Build.0 = Release|Any CPU
		{396C2209-FE12-449A-B148-B17891D65E3F}.Debug|Any CPU.ActiveCfg = Debug|Any CPU
		{396C2209-FE12-449A-B148-B17891D65E3F}.Debug|Any CPU.Build.0 = Debug|Any CPU
		{396C2209-FE12-449A-B148-B17891D65E3F}.Release|Any CPU.ActiveCfg = Release|Any CPU
		{396C2209-FE12-449A-B148-B17891D65E3F}.Release|Any CPU.Build.0 = Release|Any CPU
		{C93128C3-E7FC-4CBD-8997-1BE38E1E018F}.Debug|Any CPU.ActiveCfg = Debug|Any CPU
		{C93128C3-E7FC-4CBD-8997-1BE38E1E018F}.Debug|Any CPU.Build.0 = Debug|Any CPU
		{C93128C3-E7FC-4CBD-8997-1BE38E1E018F}.Release|Any CPU.ActiveCfg = Release|Any CPU
		{C93128C3-E7FC-4CBD-8997-1BE38E1E018F}.Release|Any CPU.Build.0 = Release|Any CPU
		{2349E4F9-788F-4DDD-AC47-44721CEB5C8A}.Debug|Any CPU.ActiveCfg = Debug|Any CPU
		{2349E4F9-788F-4DDD-AC47-44721CEB5C8A}.Debug|Any CPU.Build.0 = Debug|Any CPU
		{2349E4F9-788F-4DDD-AC47-44721CEB5C8A}.Release|Any CPU.ActiveCfg = Release|Any CPU
		{2349E4F9-788F-4DDD-AC47-44721CEB5C8A}.Release|Any CPU.Build.0 = Release|Any CPU
		{1B8D4DFD-9B27-48FC-9431-D32AA5A893E1}.Debug|Any CPU.ActiveCfg = Debug|Any CPU
		{1B8D4DFD-9B27-48FC-9431-D32AA5A893E1}.Debug|Any CPU.Build.0 = Debug|Any CPU
		{1B8D4DFD-9B27-48FC-9431-D32AA5A893E1}.Release|Any CPU.ActiveCfg = Release|Any CPU
		{1B8D4DFD-9B27-48FC-9431-D32AA5A893E1}.Release|Any CPU.Build.0 = Release|Any CPU
		{569DB424-3295-4EFA-B3E4-38A20A8359F9}.Debug|Any CPU.ActiveCfg = Debug|Any CPU
		{569DB424-3295-4EFA-B3E4-38A20A8359F9}.Debug|Any CPU.Build.0 = Debug|Any CPU
		{569DB424-3295-4EFA-B3E4-38A20A8359F9}.Release|Any CPU.ActiveCfg = Release|Any CPU
		{569DB424-3295-4EFA-B3E4-38A20A8359F9}.Release|Any CPU.Build.0 = Release|Any CPU
		{B0EED35E-DDC5-4A91-A961-1A5E2A0B506D}.Debug|Any CPU.ActiveCfg = Debug|Any CPU
		{B0EED35E-DDC5-4A91-A961-1A5E2A0B506D}.Debug|Any CPU.Build.0 = Debug|Any CPU
		{B0EED35E-DDC5-4A91-A961-1A5E2A0B506D}.Release|Any CPU.ActiveCfg = Release|Any CPU
		{B0EED35E-DDC5-4A91-A961-1A5E2A0B506D}.Release|Any CPU.Build.0 = Release|Any CPU
		{A805ECA6-33A8-459A-9FFE-E0982AC05CEC}.Debug|Any CPU.ActiveCfg = Debug|Any CPU
		{A805ECA6-33A8-459A-9FFE-E0982AC05CEC}.Debug|Any CPU.Build.0 = Debug|Any CPU
		{A805ECA6-33A8-459A-9FFE-E0982AC05CEC}.Release|Any CPU.ActiveCfg = Release|Any CPU
		{A805ECA6-33A8-459A-9FFE-E0982AC05CEC}.Release|Any CPU.Build.0 = Release|Any CPU
		{3996AA71-E6DA-47C2-AE31-985D2433E302}.Debug|Any CPU.ActiveCfg = Debug|Any CPU
		{3996AA71-E6DA-47C2-AE31-985D2433E302}.Debug|Any CPU.Build.0 = Debug|Any CPU
		{3996AA71-E6DA-47C2-AE31-985D2433E302}.Release|Any CPU.ActiveCfg = Release|Any CPU
		{3996AA71-E6DA-47C2-AE31-985D2433E302}.Release|Any CPU.Build.0 = Release|Any CPU
		{1EF3B560-9959-4EDE-82FA-505E05AB78A4}.Debug|Any CPU.ActiveCfg = Debug|Any CPU
		{1EF3B560-9959-4EDE-82FA-505E05AB78A4}.Debug|Any CPU.Build.0 = Debug|Any CPU
		{1EF3B560-9959-4EDE-82FA-505E05AB78A4}.Release|Any CPU.ActiveCfg = Release|Any CPU
		{1EF3B560-9959-4EDE-82FA-505E05AB78A4}.Release|Any CPU.Build.0 = Release|Any CPU
		{954296C2-315F-4B7B-9072-F3A7F81A6AC1}.Debug|Any CPU.ActiveCfg = Debug|Any CPU
		{954296C2-315F-4B7B-9072-F3A7F81A6AC1}.Debug|Any CPU.Build.0 = Debug|Any CPU
		{954296C2-315F-4B7B-9072-F3A7F81A6AC1}.Release|Any CPU.ActiveCfg = Release|Any CPU
		{954296C2-315F-4B7B-9072-F3A7F81A6AC1}.Release|Any CPU.Build.0 = Release|Any CPU
		{BFC6FC34-B35E-44FF-8317-6B95F0B0E610}.Debug|Any CPU.ActiveCfg = Debug|Any CPU
		{BFC6FC34-B35E-44FF-8317-6B95F0B0E610}.Debug|Any CPU.Build.0 = Debug|Any CPU
		{BFC6FC34-B35E-44FF-8317-6B95F0B0E610}.Release|Any CPU.ActiveCfg = Release|Any CPU
		{BFC6FC34-B35E-44FF-8317-6B95F0B0E610}.Release|Any CPU.Build.0 = Release|Any CPU
		{DBEB73C3-2FD5-47E7-AAEE-03BF0B6F47EA}.Debug|Any CPU.ActiveCfg = Debug|Any CPU
		{DBEB73C3-2FD5-47E7-AAEE-03BF0B6F47EA}.Debug|Any CPU.Build.0 = Debug|Any CPU
		{DBEB73C3-2FD5-47E7-AAEE-03BF0B6F47EA}.Release|Any CPU.ActiveCfg = Release|Any CPU
		{DBEB73C3-2FD5-47E7-AAEE-03BF0B6F47EA}.Release|Any CPU.Build.0 = Release|Any CPU
		{2AE07B42-2898-4535-A5F1-D6F37145E6CF}.Debug|Any CPU.ActiveCfg = Debug|Any CPU
		{2AE07B42-2898-4535-A5F1-D6F37145E6CF}.Debug|Any CPU.Build.0 = Debug|Any CPU
		{2AE07B42-2898-4535-A5F1-D6F37145E6CF}.Release|Any CPU.ActiveCfg = Release|Any CPU
		{2AE07B42-2898-4535-A5F1-D6F37145E6CF}.Release|Any CPU.Build.0 = Release|Any CPU
		{D469EE8B-ECEB-4596-A6DD-1F2BD5247EEA}.Debug|Any CPU.ActiveCfg = Debug|Any CPU
		{D469EE8B-ECEB-4596-A6DD-1F2BD5247EEA}.Debug|Any CPU.Build.0 = Debug|Any CPU
		{D469EE8B-ECEB-4596-A6DD-1F2BD5247EEA}.Release|Any CPU.ActiveCfg = Release|Any CPU
		{D469EE8B-ECEB-4596-A6DD-1F2BD5247EEA}.Release|Any CPU.Build.0 = Release|Any CPU
		{5AE01077-9D0D-4140-A3AA-EA7E96D511B8}.Debug|Any CPU.ActiveCfg = Debug|Any CPU
		{5AE01077-9D0D-4140-A3AA-EA7E96D511B8}.Debug|Any CPU.Build.0 = Debug|Any CPU
		{5AE01077-9D0D-4140-A3AA-EA7E96D511B8}.Release|Any CPU.ActiveCfg = Release|Any CPU
		{5AE01077-9D0D-4140-A3AA-EA7E96D511B8}.Release|Any CPU.Build.0 = Release|Any CPU
		{5A70B836-1543-4BA6-B1E0-5C3C7A8DE105}.Debug|Any CPU.ActiveCfg = Debug|Any CPU
		{5A70B836-1543-4BA6-B1E0-5C3C7A8DE105}.Debug|Any CPU.Build.0 = Debug|Any CPU
		{5A70B836-1543-4BA6-B1E0-5C3C7A8DE105}.Release|Any CPU.ActiveCfg = Release|Any CPU
		{5A70B836-1543-4BA6-B1E0-5C3C7A8DE105}.Release|Any CPU.Build.0 = Release|Any CPU
		{C9259925-715A-451C-B321-4E3056EFF43B}.Debug|Any CPU.ActiveCfg = Debug|Any CPU
		{C9259925-715A-451C-B321-4E3056EFF43B}.Debug|Any CPU.Build.0 = Debug|Any CPU
		{C9259925-715A-451C-B321-4E3056EFF43B}.Release|Any CPU.ActiveCfg = Release|Any CPU
		{C9259925-715A-451C-B321-4E3056EFF43B}.Release|Any CPU.Build.0 = Release|Any CPU
		{310A1CB2-27B2-4D72-9F0F-1C63577F6475}.Debug|Any CPU.ActiveCfg = Debug|Any CPU
		{310A1CB2-27B2-4D72-9F0F-1C63577F6475}.Debug|Any CPU.Build.0 = Debug|Any CPU
		{310A1CB2-27B2-4D72-9F0F-1C63577F6475}.Release|Any CPU.ActiveCfg = Release|Any CPU
		{310A1CB2-27B2-4D72-9F0F-1C63577F6475}.Release|Any CPU.Build.0 = Release|Any CPU
		{6C5AB2E2-DADC-43ED-97CA-C1CAC5AE7DFC}.Debug|Any CPU.ActiveCfg = Debug|Any CPU
		{6C5AB2E2-DADC-43ED-97CA-C1CAC5AE7DFC}.Debug|Any CPU.Build.0 = Debug|Any CPU
		{6C5AB2E2-DADC-43ED-97CA-C1CAC5AE7DFC}.Release|Any CPU.ActiveCfg = Release|Any CPU
		{6C5AB2E2-DADC-43ED-97CA-C1CAC5AE7DFC}.Release|Any CPU.Build.0 = Release|Any CPU
		{3F49377E-8E10-418A-B7FC-0A4575B9181E}.Debug|Any CPU.ActiveCfg = Debug|Any CPU
		{3F49377E-8E10-418A-B7FC-0A4575B9181E}.Debug|Any CPU.Build.0 = Debug|Any CPU
		{3F49377E-8E10-418A-B7FC-0A4575B9181E}.Release|Any CPU.ActiveCfg = Release|Any CPU
		{3F49377E-8E10-418A-B7FC-0A4575B9181E}.Release|Any CPU.Build.0 = Release|Any CPU
		{2B24B331-C833-4CD2-BAFF-A101C33C3882}.Debug|Any CPU.ActiveCfg = Debug|Any CPU
		{2B24B331-C833-4CD2-BAFF-A101C33C3882}.Debug|Any CPU.Build.0 = Debug|Any CPU
		{2B24B331-C833-4CD2-BAFF-A101C33C3882}.Release|Any CPU.ActiveCfg = Release|Any CPU
		{2B24B331-C833-4CD2-BAFF-A101C33C3882}.Release|Any CPU.Build.0 = Release|Any CPU
		{D4C4720A-7506-43A0-9F58-3DD43D84E566}.Debug|Any CPU.ActiveCfg = Debug|Any CPU
		{D4C4720A-7506-43A0-9F58-3DD43D84E566}.Debug|Any CPU.Build.0 = Debug|Any CPU
		{D4C4720A-7506-43A0-9F58-3DD43D84E566}.Release|Any CPU.ActiveCfg = Release|Any CPU
		{D4C4720A-7506-43A0-9F58-3DD43D84E566}.Release|Any CPU.Build.0 = Release|Any CPU
	EndGlobalSection
	GlobalSection(SolutionProperties) = preSolution
		HideSolutionNode = FALSE
	EndGlobalSection
	GlobalSection(ExtensibilityGlobals) = postSolution
		SolutionGuid = {5BD4BEE6-46BB-498C-B837-6101B998593D}
	EndGlobalSection
EndGlobal
