
Microsoft Visual Studio Solution File, Format Version 12.00
# Visual Studio 15
VisualStudioVersion = 15.0.28307.271
MinimumVisualStudioVersion = 10.0.40219.1
Project("{FAE04EC0-301F-11D3-BF4B-00C04F79EFBC}") = "TimeServer2", "TimeServer2\TimeServer2.csproj", "{3EECB330-F690-47B5-8D85-A86B78799C27}"
EndProject
Project("{FAE04EC0-301F-11D3-BF4B-00C04F79EFBC}") = "TimeServer3", "TimeServer3\TimeServer3.csproj", "{1741DF4C-B0E0-4FA4-917D-DEB5F66DFC60}"
EndProject
Project("{FAE04EC0-301F-11D3-BF4B-00C04F79EFBC}") = "TimeServer4", "TimeServer4\TimeServer4.csproj", "{582357CC-9695-42B1-B3F6-DAE0F6086E03}"
EndProject
Project("{FAE04EC0-301F-11D3-BF4B-00C04F79EFBC}") = "TimeServer5", "TimeServer5\TimeServer5.csproj", "{1572BCC5-4A55-40FF-90D9-1E8233C9FF8E}"
EndProject
Project("{FAE04EC0-301F-11D3-BF4B-00C04F79EFBC}") = "TimeServer6", "TimeServer6\TimeServer6.csproj", "{0116F58C-3512-41C9-BEE9-CC6BBC2291D0}"
EndProject
Project("{FAE04EC0-301F-11D3-BF4B-00C04F79EFBC}") = "TimeServer7", "..\TimeServer7\TimeServer7\TimeServer7.csproj", "{57FA165F-7870-4E2D-9B84-22E6B2EE8AD3}"
EndProject
Project("{FAE04EC0-301F-11D3-BF4B-00C04F79EFBC}") = "TimeServer8", "..\TimeServer8\TimeServer8\TimeServer8.csproj", "{F7F077CD-A43B-4AC6-9145-A0BA13EC4A27}"
EndProject
Project("{FAE04EC0-301F-11D3-BF4B-00C04F79EFBC}") = "TimeServer9", "..\TimeServer9\TimeServer9\TimeServer9.csproj", "{8269F015-DF2C-40CC-A87D-C201C45B5B07}"
EndProject
Project("{FAE04EC0-301F-11D3-BF4B-00C04F79EFBC}") = "TimeServer10", "..\TimeServer10\TimeServer10\TimeServer10.csproj", "{DF85843E-1ACB-48D1-A4F2-DFD7459133F8}"
EndProject
Project("{FAE04EC0-301F-11D3-BF4B-00C04F79EFBC}") = "TimeServer11_데이타받는부분만", "..\TimeServer11\TimeServer11\TimeServer11_데이타받는부분만.csproj", "{35E5A863-6DC9-4372-8DDC-906B4E77A352}"
EndProject
Project("{FAE04EC0-301F-11D3-BF4B-00C04F79EFBC}") = "TimeServer12_HeaderBody", "..\TimeServer12_HeadBody\TimeServer12_HeadBody\TimeServer12_HeaderBody.csproj", "{8D21C722-6943-4313-ABBA-9F57C67F14BA}"
EndProject
Project("{FAE04EC0-301F-11D3-BF4B-00C04F79EFBC}") = "TimeServer13_Simple", "..\TimeServer13_Simple\TimeServer13_Simple\TimeServer13_Simple.csproj", "{FE26F2A2-9635-439B-AEE4-87331CACB8C7}"
EndProject
Global
	GlobalSection(SolutionConfigurationPlatforms) = preSolution
		Debug|Any CPU = Debug|Any CPU
		Release|Any CPU = Release|Any CPU
	EndGlobalSection
	GlobalSection(ProjectConfigurationPlatforms) = postSolution
		{3EECB330-F690-47B5-8D85-A86B78799C27}.Debug|Any CPU.ActiveCfg = Debug|Any CPU
		{3EECB330-F690-47B5-8D85-A86B78799C27}.Debug|Any CPU.Build.0 = Debug|Any CPU
		{3EECB330-F690-47B5-8D85-A86B78799C27}.Release|Any CPU.ActiveCfg = Release|Any CPU
		{3EECB330-F690-47B5-8D85-A86B78799C27}.Release|Any CPU.Build.0 = Release|Any CPU
		{1741DF4C-B0E0-4FA4-917D-DEB5F66DFC60}.Debug|Any CPU.ActiveCfg = Debug|Any CPU
		{1741DF4C-B0E0-4FA4-917D-DEB5F66DFC60}.Debug|Any CPU.Build.0 = Debug|Any CPU
		{1741DF4C-B0E0-4FA4-917D-DEB5F66DFC60}.Release|Any CPU.ActiveCfg = Release|Any CPU
		{1741DF4C-B0E0-4FA4-917D-DEB5F66DFC60}.Release|Any CPU.Build.0 = Release|Any CPU
		{582357CC-9695-42B1-B3F6-DAE0F6086E03}.Debug|Any CPU.ActiveCfg = Debug|Any CPU
		{582357CC-9695-42B1-B3F6-DAE0F6086E03}.Debug|Any CPU.Build.0 = Debug|Any CPU
		{582357CC-9695-42B1-B3F6-DAE0F6086E03}.Release|Any CPU.ActiveCfg = Release|Any CPU
		{582357CC-9695-42B1-B3F6-DAE0F6086E03}.Release|Any CPU.Build.0 = Release|Any CPU
		{1572BCC5-4A55-40FF-90D9-1E8233C9FF8E}.Debug|Any CPU.ActiveCfg = Debug|Any CPU
		{1572BCC5-4A55-40FF-90D9-1E8233C9FF8E}.Debug|Any CPU.Build.0 = Debug|Any CPU
		{1572BCC5-4A55-40FF-90D9-1E8233C9FF8E}.Release|Any CPU.ActiveCfg = Release|Any CPU
		{1572BCC5-4A55-40FF-90D9-1E8233C9FF8E}.Release|Any CPU.Build.0 = Release|Any CPU
		{0116F58C-3512-41C9-BEE9-CC6BBC2291D0}.Debug|Any CPU.ActiveCfg = Debug|Any CPU
		{0116F58C-3512-41C9-BEE9-CC6BBC2291D0}.Debug|Any CPU.Build.0 = Debug|Any CPU
		{0116F58C-3512-41C9-BEE9-CC6BBC2291D0}.Release|Any CPU.ActiveCfg = Release|Any CPU
		{0116F58C-3512-41C9-BEE9-CC6BBC2291D0}.Release|Any CPU.Build.0 = Release|Any CPU
		{57FA165F-7870-4E2D-9B84-22E6B2EE8AD3}.Debug|Any CPU.ActiveCfg = Debug|Any CPU
		{57FA165F-7870-4E2D-9B84-22E6B2EE8AD3}.Debug|Any CPU.Build.0 = Debug|Any CPU
		{57FA165F-7870-4E2D-9B84-22E6B2EE8AD3}.Release|Any CPU.ActiveCfg = Release|Any CPU
		{57FA165F-7870-4E2D-9B84-22E6B2EE8AD3}.Release|Any CPU.Build.0 = Release|Any CPU
		{F7F077CD-A43B-4AC6-9145-A0BA13EC4A27}.Debug|Any CPU.ActiveCfg = Debug|Any CPU
		{F7F077CD-A43B-4AC6-9145-A0BA13EC4A27}.Debug|Any CPU.Build.0 = Debug|Any CPU
		{F7F077CD-A43B-4AC6-9145-A0BA13EC4A27}.Release|Any CPU.ActiveCfg = Release|Any CPU
		{F7F077CD-A43B-4AC6-9145-A0BA13EC4A27}.Release|Any CPU.Build.0 = Release|Any CPU
		{8269F015-DF2C-40CC-A87D-C201C45B5B07}.Debug|Any CPU.ActiveCfg = Debug|Any CPU
		{8269F015-DF2C-40CC-A87D-C201C45B5B07}.Debug|Any CPU.Build.0 = Debug|Any CPU
		{8269F015-DF2C-40CC-A87D-C201C45B5B07}.Release|Any CPU.ActiveCfg = Release|Any CPU
		{8269F015-DF2C-40CC-A87D-C201C45B5B07}.Release|Any CPU.Build.0 = Release|Any CPU
		{DF85843E-1ACB-48D1-A4F2-DFD7459133F8}.Debug|Any CPU.ActiveCfg = Debug|Any CPU
		{DF85843E-1ACB-48D1-A4F2-DFD7459133F8}.Debug|Any CPU.Build.0 = Debug|Any CPU
		{DF85843E-1ACB-48D1-A4F2-DFD7459133F8}.Release|Any CPU.ActiveCfg = Release|Any CPU
		{DF85843E-1ACB-48D1-A4F2-DFD7459133F8}.Release|Any CPU.Build.0 = Release|Any CPU
		{35E5A863-6DC9-4372-8DDC-906B4E77A352}.Debug|Any CPU.ActiveCfg = Debug|Any CPU
		{35E5A863-6DC9-4372-8DDC-906B4E77A352}.Debug|Any CPU.Build.0 = Debug|Any CPU
		{35E5A863-6DC9-4372-8DDC-906B4E77A352}.Release|Any CPU.ActiveCfg = Release|Any CPU
		{35E5A863-6DC9-4372-8DDC-906B4E77A352}.Release|Any CPU.Build.0 = Release|Any CPU
		{8D21C722-6943-4313-ABBA-9F57C67F14BA}.Debug|Any CPU.ActiveCfg = Debug|Any CPU
		{8D21C722-6943-4313-ABBA-9F57C67F14BA}.Debug|Any CPU.Build.0 = Debug|Any CPU
		{8D21C722-6943-4313-ABBA-9F57C67F14BA}.Release|Any CPU.ActiveCfg = Release|Any CPU
		{8D21C722-6943-4313-ABBA-9F57C67F14BA}.Release|Any CPU.Build.0 = Release|Any CPU
		{FE26F2A2-9635-439B-AEE4-87331CACB8C7}.Debug|Any CPU.ActiveCfg = Debug|Any CPU
		{FE26F2A2-9635-439B-AEE4-87331CACB8C7}.Debug|Any CPU.Build.0 = Debug|Any CPU
		{FE26F2A2-9635-439B-AEE4-87331CACB8C7}.Release|Any CPU.ActiveCfg = Release|Any CPU
		{FE26F2A2-9635-439B-AEE4-87331CACB8C7}.Release|Any CPU.Build.0 = Release|Any CPU
	EndGlobalSection
	GlobalSection(SolutionProperties) = preSolution
		HideSolutionNode = FALSE
	EndGlobalSection
	GlobalSection(ExtensibilityGlobals) = postSolution
		SolutionGuid = {1130E041-64F8-4C17-AA6F-FD824EAAA4EA}
	EndGlobalSection
EndGlobal
