
Microsoft Visual Studio Solution File, Format Version 12.00
# Visual Studio 15
VisualStudioVersion = 15.0.28307.271
MinimumVisualStudioVersion = 10.0.40219.1
Project("{FAE04EC0-301F-11D3-BF4B-00C04F79EFBC}") = "TimeServer", "TimeServer\TimeServer.csproj", "{39670266-523F-40EE-9F0A-5B083A6A0E9B}"
EndProject
Project("{FAE04EC0-301F-11D3-BF4B-00C04F79EFBC}") = "TimeClient_01", "TimeClient\TimeClient_01.csproj", "{98A7C22B-745A-4E5E-9DDD-BCA05C8EBA93}"
EndProject
Project("{FAE04EC0-301F-11D3-BF4B-00C04F79EFBC}") = "TimeClient_02Random", "..\TimeClientRandom\TimeClientRandom\TimeClient_02Random.csproj", "{A4C8A07D-CB19-46FA-A328-ABDCEE2981F0}"
EndProject
Project("{FAE04EC0-301F-11D3-BF4B-00C04F79EFBC}") = "TimeClient_11MultiSend", "..\TimeClientMultiPackage\TimeClientMultiPackage\TimeClient_11MultiSend.csproj", "{0B51D2AC-037D-4B47-9039-AF58F78C0962}"
EndProject
Project("{FAE04EC0-301F-11D3-BF4B-00C04F79EFBC}") = "TimeClient_12HeadBody", "..\TimeClient_04HeadBody\TimeClient_04HeadBody\TimeClient_12HeadBody.csproj", "{1B2E8ED3-33DD-4727-A31C-F2C441A3EA99}"
EndProject
Project("{FAE04EC0-301F-11D3-BF4B-00C04F79EFBC}") = "TimeClient_13_Simple", "..\TimeClient13\TimeClient_13_Simple\TimeClient_13_Simple.csproj", "{8C6C2BF8-B2EB-45EE-9307-F579A597EF33}"
EndProject
Global
	GlobalSection(SolutionConfigurationPlatforms) = preSolution
		Debug|Any CPU = Debug|Any CPU
		Release|Any CPU = Release|Any CPU
	EndGlobalSection
	GlobalSection(ProjectConfigurationPlatforms) = postSolution
		{39670266-523F-40EE-9F0A-5B083A6A0E9B}.Debug|Any CPU.ActiveCfg = Debug|Any CPU
		{39670266-523F-40EE-9F0A-5B083A6A0E9B}.Debug|Any CPU.Build.0 = Debug|Any CPU
		{39670266-523F-40EE-9F0A-5B083A6A0E9B}.Release|Any CPU.ActiveCfg = Release|Any CPU
		{39670266-523F-40EE-9F0A-5B083A6A0E9B}.Release|Any CPU.Build.0 = Release|Any CPU
		{98A7C22B-745A-4E5E-9DDD-BCA05C8EBA93}.Debug|Any CPU.ActiveCfg = Debug|Any CPU
		{98A7C22B-745A-4E5E-9DDD-BCA05C8EBA93}.Debug|Any CPU.Build.0 = Debug|Any CPU
		{98A7C22B-745A-4E5E-9DDD-BCA05C8EBA93}.Release|Any CPU.ActiveCfg = Release|Any CPU
		{98A7C22B-745A-4E5E-9DDD-BCA05C8EBA93}.Release|Any CPU.Build.0 = Release|Any CPU
		{A4C8A07D-CB19-46FA-A328-ABDCEE2981F0}.Debug|Any CPU.ActiveCfg = Debug|Any CPU
		{A4C8A07D-CB19-46FA-A328-ABDCEE2981F0}.Debug|Any CPU.Build.0 = Debug|Any CPU
		{A4C8A07D-CB19-46FA-A328-ABDCEE2981F0}.Release|Any CPU.ActiveCfg = Release|Any CPU
		{A4C8A07D-CB19-46FA-A328-ABDCEE2981F0}.Release|Any CPU.Build.0 = Release|Any CPU
		{0B51D2AC-037D-4B47-9039-AF58F78C0962}.Debug|Any CPU.ActiveCfg = Debug|Any CPU
		{0B51D2AC-037D-4B47-9039-AF58F78C0962}.Debug|Any CPU.Build.0 = Debug|Any CPU
		{0B51D2AC-037D-4B47-9039-AF58F78C0962}.Release|Any CPU.ActiveCfg = Release|Any CPU
		{0B51D2AC-037D-4B47-9039-AF58F78C0962}.Release|Any CPU.Build.0 = Release|Any CPU
		{1B2E8ED3-33DD-4727-A31C-F2C441A3EA99}.Debug|Any CPU.ActiveCfg = Debug|Any CPU
		{1B2E8ED3-33DD-4727-A31C-F2C441A3EA99}.Debug|Any CPU.Build.0 = Debug|Any CPU
		{1B2E8ED3-33DD-4727-A31C-F2C441A3EA99}.Release|Any CPU.ActiveCfg = Release|Any CPU
		{1B2E8ED3-33DD-4727-A31C-F2C441A3EA99}.Release|Any CPU.Build.0 = Release|Any CPU
		{8C6C2BF8-B2EB-45EE-9307-F579A597EF33}.Debug|Any CPU.ActiveCfg = Debug|Any CPU
		{8C6C2BF8-B2EB-45EE-9307-F579A597EF33}.Debug|Any CPU.Build.0 = Debug|Any CPU
		{8C6C2BF8-B2EB-45EE-9307-F579A597EF33}.Release|Any CPU.ActiveCfg = Release|Any CPU
		{8C6C2BF8-B2EB-45EE-9307-F579A597EF33}.Release|Any CPU.Build.0 = Release|Any CPU
	EndGlobalSection
	GlobalSection(SolutionProperties) = preSolution
		HideSolutionNode = FALSE
	EndGlobalSection
	GlobalSection(ExtensibilityGlobals) = postSolution
		SolutionGuid = {359CB120-7760-4FD4-9D18-1ED99FC3E091}
	EndGlobalSection
EndGlobal
